
Microsoft Visual Studio Solution File, Format Version 12.00
# Visual Studio Version 16
VisualStudioVersion = 16.0.30413.136
MinimumVisualStudioVersion = 10.0.40219.1
Project("{9A19103F-16F7-4668-BE54-9A1E7A4F7556}") = "TeamMonitoring.TeamService.API", "TeamMonitoring.TeamService.API\TeamMonitoring.TeamService.API.csproj", "{37C78FA7-50EC-4C47-BFFF-AA4FF367FE3E}"
EndProject
Project("{9A19103F-16F7-4668-BE54-9A1E7A4F7556}") = "TeamMonitoring.LocationService.API", "TeamMonitoring.LocationService.API\TeamMonitoring.LocationService.API.csproj", "{AC048CD1-0C19-43F3-9C38-3714AB4439BD}"
EndProject
Project("{9A19103F-16F7-4668-BE54-9A1E7A4F7556}") = "TeamMonitoring.LocationReporter.API", "TeamMonitoring.LocationReporter.API\TeamMonitoring.LocationReporter.API.csproj", "{649BD961-9088-4481-AAE0-1C6A1DF2A6B2}"
EndProject
Project("{FAE04EC0-301F-11D3-BF4B-00C04F79EFBC}") = "TeamMonitoring.EventProcessor", "TeamMonitoring.EventProcessor\TeamMonitoring.EventProcessor.csproj", "{3C15DC23-F493-404D-B91E-68EB6FC63B50}"
EndProject
Global
	GlobalSection(SolutionConfigurationPlatforms) = preSolution
		Debug|Any CPU = Debug|Any CPU
		Release|Any CPU = Release|Any CPU
	EndGlobalSection
	GlobalSection(ProjectConfigurationPlatforms) = postSolution
		{37C78FA7-50EC-4C47-BFFF-AA4FF367FE3E}.Debug|Any CPU.ActiveCfg = Debug|Any CPU
		{37C78FA7-50EC-4C47-BFFF-AA4FF367FE3E}.Debug|Any CPU.Build.0 = Debug|Any CPU
		{37C78FA7-50EC-4C47-BFFF-AA4FF367FE3E}.Release|Any CPU.ActiveCfg = Release|Any CPU
		{37C78FA7-50EC-4C47-BFFF-AA4FF367FE3E}.Release|Any CPU.Build.0 = Release|Any CPU
		{AC048CD1-0C19-43F3-9C38-3714AB4439BD}.Debug|Any CPU.ActiveCfg = Debug|Any CPU
		{AC048CD1-0C19-43F3-9C38-3714AB4439BD}.Debug|Any CPU.Build.0 = Debug|Any CPU
		{AC048CD1-0C19-43F3-9C38-3714AB4439BD}.Release|Any CPU.ActiveCfg = Release|Any CPU
		{AC048CD1-0C19-43F3-9C38-3714AB4439BD}.Release|Any CPU.Build.0 = Release|Any CPU
		{649BD961-9088-4481-AAE0-1C6A1DF2A6B2}.Debug|Any CPU.ActiveCfg = Debug|Any CPU
		{649BD961-9088-4481-AAE0-1C6A1DF2A6B2}.Debug|Any CPU.Build.0 = Debug|Any CPU
		{649BD961-9088-4481-AAE0-1C6A1DF2A6B2}.Release|Any CPU.ActiveCfg = Release|Any CPU
		{649BD961-9088-4481-AAE0-1C6A1DF2A6B2}.Release|Any CPU.Build.0 = Release|Any CPU
		{3C15DC23-F493-404D-B91E-68EB6FC63B50}.Debug|Any CPU.ActiveCfg = Debug|Any CPU
		{3C15DC23-F493-404D-B91E-68EB6FC63B50}.Debug|Any CPU.Build.0 = Debug|Any CPU
		{3C15DC23-F493-404D-B91E-68EB6FC63B50}.Release|Any CPU.ActiveCfg = Release|Any CPU
		{3C15DC23-F493-404D-B91E-68EB6FC63B50}.Release|Any CPU.Build.0 = Release|Any CPU
	EndGlobalSection
	GlobalSection(SolutionProperties) = preSolution
		HideSolutionNode = FALSE
	EndGlobalSection
	GlobalSection(ExtensibilityGlobals) = postSolution
		SolutionGuid = {C17BCBA4-4F0B-4E05-8614-F3CACD3CA82A}
	EndGlobalSection
EndGlobal
