
Microsoft Visual Studio Solution File, Format Version 12.00
# Visual Studio Version 16
VisualStudioVersion = 16.0.30413.136
MinimumVisualStudioVersion = 10.0.40219.1
Project("{9A19103F-16F7-4668-BE54-9A1E7A4F7556}") = "TeamMonitoring.TeamService.API", "TeamMonitoring.TeamService.API\TeamMonitoring.TeamService.API.csproj", "{37C78FA7-50EC-4C47-BFFF-AA4FF367FE3E}"
EndProject
Project("{9A19103F-16F7-4668-BE54-9A1E7A4F7556}") = "TeamMonitoring.LocationService.API", "TeamMonitoring.LocationService.API\TeamMonitoring.LocationService.API.csproj", "{AC048CD1-0C19-43F3-9C38-3714AB4439BD}"
EndProject
Project("{9A19103F-16F7-4668-BE54-9A1E7A4F7556}") = "TeamMonitoring.LocationReporter.API", "TeamMonitoring.LocationReporter.API\TeamMonitoring.LocationReporter.API.csproj", "{649BD961-9088-4481-AAE0-1C6A1DF2A6B2}"
EndProject
Project("{9A19103F-16F7-4668-BE54-9A1E7A4F7556}") = "TeamMonitoring.EventProcessor", "TeamMonitoring.EventProcessor\TeamMonitoring.EventProcessor.csproj", "{09BAA10C-DF20-45CE-97D5-62FE9F65B504}"
EndProject
Project("{9A19103F-16F7-4668-BE54-9A1E7A4F7556}") = "TeamMonitoring.Monitor.UI", "TeamMonitoring.Monitor.UI\TeamMonitoring.Monitor.UI.csproj", "{B6379D23-41E2-41FC-9E95-7D64BB4CE16D}"
EndProject
Project("{9A19103F-16F7-4668-BE54-9A1E7A4F7556}") = "TeamMonitoring.ProximityMonitor", "TeamMonitoring.ProximityMonitor\TeamMonitoring.ProximityMonitor.csproj", "{5284E7D4-9929-4E93-A43D-2DAE31A4EFEA}"
EndProject
Project("{9A19103F-16F7-4668-BE54-9A1E7A4F7556}") = "TeamMonitoring.RealityService.API", "TeamMonitoring.RealityService.API\TeamMonitoring.RealityService.API.csproj", "{3595D90A-52DD-42F3-9C7E-6308E52C3467}"
EndProject
Project("{9A19103F-16F7-4668-BE54-9A1E7A4F7556}") = "TeamMonitoring.Common", "TeamMonitoring.Common\TeamMonitoring.Common.csproj", "{A2298D12-D77A-4114-B55C-2A9EFDFAB487}"
EndProject
Project("{9A19103F-16F7-4668-BE54-9A1E7A4F7556}") = "TeamMonitoring.Events", "TeamMonitoring.Events\TeamMonitoring.Events.csproj", "{3E47C783-C2A8-4FB1-803A-6122775A9698}"
EndProject
Project("{2150E333-8FDC-42A3-9474-1A3956D46DE8}") = "build", "build", "{593759BB-B72E-4122-AF00-8235BA70C011}"
	ProjectSection(SolutionItems) = preProject
		docker-compose.override.yml = docker-compose.override.yml
		docker-compose.yml = docker-compose.yml
	EndProjectSection
EndProject
Project("{2150E333-8FDC-42A3-9474-1A3956D46DE8}") = "docker", "docker", "{3B5ECCCE-4D1C-4318-8B29-66978DDDFB44}"
EndProject
Project("{2150E333-8FDC-42A3-9474-1A3956D46DE8}") = "Prometheus", "Prometheus", "{34634A23-9691-4561-B397-5E09100424D5}"
	ProjectSection(SolutionItems) = preProject
		Docker\Prometheus\Dockerfile = Docker\Prometheus\Dockerfile
		Docker\Prometheus\prometheus.yml = Docker\Prometheus\prometheus.yml
	EndProjectSection
EndProject
Project("{2150E333-8FDC-42A3-9474-1A3956D46DE8}") = "Grafana", "Grafana", "{9190AC30-CE71-4746-B9D9-86872BBBA591}"
	ProjectSection(SolutionItems) = preProject
		Docker\Grafana\asp-net-core-controller-summary-prometheus_rev4.json = Docker\Grafana\asp-net-core-controller-summary-prometheus_rev4.json
		Docker\Grafana\Dockerfile = Docker\Grafana\Dockerfile
		Docker\Grafana\prometheus.yaml = Docker\Grafana\prometheus.yaml
		Docker\Grafana\prometheus_dashboard.json = Docker\Grafana\prometheus_dashboard.json
		Docker\Grafana\prometheus_dashboard.yaml = Docker\Grafana\prometheus_dashboard.yaml
	EndProjectSection
EndProject
Project("{FAE04EC0-301F-11D3-BF4B-00C04F79EFBC}") = "TeamMonitoring.WebStatus", "TeamMonitoring.WebStatus\TeamMonitoring.WebStatus.csproj", "{1FC50933-A5FC-4988-B965-ADC687E3D555}"
EndProject
Global
	GlobalSection(SolutionConfigurationPlatforms) = preSolution
		Debug|Any CPU = Debug|Any CPU
		Release|Any CPU = Release|Any CPU
	EndGlobalSection
	GlobalSection(ProjectConfigurationPlatforms) = postSolution
		{37C78FA7-50EC-4C47-BFFF-AA4FF367FE3E}.Debug|Any CPU.ActiveCfg = Debug|Any CPU
		{37C78FA7-50EC-4C47-BFFF-AA4FF367FE3E}.Debug|Any CPU.Build.0 = Debug|Any CPU
		{37C78FA7-50EC-4C47-BFFF-AA4FF367FE3E}.Release|Any CPU.ActiveCfg = Release|Any CPU
		{37C78FA7-50EC-4C47-BFFF-AA4FF367FE3E}.Release|Any CPU.Build.0 = Release|Any CPU
		{AC048CD1-0C19-43F3-9C38-3714AB4439BD}.Debug|Any CPU.ActiveCfg = Debug|Any CPU
		{AC048CD1-0C19-43F3-9C38-3714AB4439BD}.Debug|Any CPU.Build.0 = Debug|Any CPU
		{AC048CD1-0C19-43F3-9C38-3714AB4439BD}.Release|Any CPU.ActiveCfg = Release|Any CPU
		{AC048CD1-0C19-43F3-9C38-3714AB4439BD}.Release|Any CPU.Build.0 = Release|Any CPU
		{649BD961-9088-4481-AAE0-1C6A1DF2A6B2}.Debug|Any CPU.ActiveCfg = Debug|Any CPU
		{649BD961-9088-4481-AAE0-1C6A1DF2A6B2}.Debug|Any CPU.Build.0 = Debug|Any CPU
		{649BD961-9088-4481-AAE0-1C6A1DF2A6B2}.Release|Any CPU.ActiveCfg = Release|Any CPU
		{649BD961-9088-4481-AAE0-1C6A1DF2A6B2}.Release|Any CPU.Build.0 = Release|Any CPU
		{09BAA10C-DF20-45CE-97D5-62FE9F65B504}.Debug|Any CPU.ActiveCfg = Debug|Any CPU
		{09BAA10C-DF20-45CE-97D5-62FE9F65B504}.Debug|Any CPU.Build.0 = Debug|Any CPU
		{09BAA10C-DF20-45CE-97D5-62FE9F65B504}.Release|Any CPU.ActiveCfg = Release|Any CPU
		{09BAA10C-DF20-45CE-97D5-62FE9F65B504}.Release|Any CPU.Build.0 = Release|Any CPU
		{B6379D23-41E2-41FC-9E95-7D64BB4CE16D}.Debug|Any CPU.ActiveCfg = Debug|Any CPU
		{B6379D23-41E2-41FC-9E95-7D64BB4CE16D}.Debug|Any CPU.Build.0 = Debug|Any CPU
		{B6379D23-41E2-41FC-9E95-7D64BB4CE16D}.Release|Any CPU.ActiveCfg = Release|Any CPU
		{B6379D23-41E2-41FC-9E95-7D64BB4CE16D}.Release|Any CPU.Build.0 = Release|Any CPU
		{5284E7D4-9929-4E93-A43D-2DAE31A4EFEA}.Debug|Any CPU.ActiveCfg = Debug|Any CPU
		{5284E7D4-9929-4E93-A43D-2DAE31A4EFEA}.Debug|Any CPU.Build.0 = Debug|Any CPU
		{5284E7D4-9929-4E93-A43D-2DAE31A4EFEA}.Release|Any CPU.ActiveCfg = Release|Any CPU
		{5284E7D4-9929-4E93-A43D-2DAE31A4EFEA}.Release|Any CPU.Build.0 = Release|Any CPU
		{3595D90A-52DD-42F3-9C7E-6308E52C3467}.Debug|Any CPU.ActiveCfg = Debug|Any CPU
		{3595D90A-52DD-42F3-9C7E-6308E52C3467}.Debug|Any CPU.Build.0 = Debug|Any CPU
		{3595D90A-52DD-42F3-9C7E-6308E52C3467}.Release|Any CPU.ActiveCfg = Release|Any CPU
		{3595D90A-52DD-42F3-9C7E-6308E52C3467}.Release|Any CPU.Build.0 = Release|Any CPU
		{A2298D12-D77A-4114-B55C-2A9EFDFAB487}.Debug|Any CPU.ActiveCfg = Debug|Any CPU
		{A2298D12-D77A-4114-B55C-2A9EFDFAB487}.Debug|Any CPU.Build.0 = Debug|Any CPU
		{A2298D12-D77A-4114-B55C-2A9EFDFAB487}.Release|Any CPU.ActiveCfg = Release|Any CPU
		{A2298D12-D77A-4114-B55C-2A9EFDFAB487}.Release|Any CPU.Build.0 = Release|Any CPU
		{3E47C783-C2A8-4FB1-803A-6122775A9698}.Debug|Any CPU.ActiveCfg = Debug|Any CPU
		{3E47C783-C2A8-4FB1-803A-6122775A9698}.Debug|Any CPU.Build.0 = Debug|Any CPU
		{3E47C783-C2A8-4FB1-803A-6122775A9698}.Release|Any CPU.ActiveCfg = Release|Any CPU
		{3E47C783-C2A8-4FB1-803A-6122775A9698}.Release|Any CPU.Build.0 = Release|Any CPU
		{1FC50933-A5FC-4988-B965-ADC687E3D555}.Debug|Any CPU.ActiveCfg = Debug|Any CPU
		{1FC50933-A5FC-4988-B965-ADC687E3D555}.Debug|Any CPU.Build.0 = Debug|Any CPU
		{1FC50933-A5FC-4988-B965-ADC687E3D555}.Release|Any CPU.ActiveCfg = Release|Any CPU
		{1FC50933-A5FC-4988-B965-ADC687E3D555}.Release|Any CPU.Build.0 = Release|Any CPU
	EndGlobalSection
	GlobalSection(SolutionProperties) = preSolution
		HideSolutionNode = FALSE
	EndGlobalSection
	GlobalSection(NestedProjects) = preSolution
		{34634A23-9691-4561-B397-5E09100424D5} = {3B5ECCCE-4D1C-4318-8B29-66978DDDFB44}
		{9190AC30-CE71-4746-B9D9-86872BBBA591} = {3B5ECCCE-4D1C-4318-8B29-66978DDDFB44}
	EndGlobalSection
	GlobalSection(ExtensibilityGlobals) = postSolution
		SolutionGuid = {C17BCBA4-4F0B-4E05-8614-F3CACD3CA82A}
	EndGlobalSection
EndGlobal
